
Microsoft Visual Studio Solution File, Format Version 12.00
# Visual Studio 15
VisualStudioVersion = 15.0.26430.13
MinimumVisualStudioVersion = 10.0.40219.1
Project("{FAE04EC0-301F-11D3-BF4B-00C04F79EFBC}") = "MWX.XamForms.Popup", "FormsPopup\FormsPopup\MWX.XamForms.Popup.csproj", "{CA22517D-4B83-43F5-A23F-9207229D2024}"
EndProject
Project("{FAE04EC0-301F-11D3-BF4B-00C04F79EFBC}") = "MWX.XamForms.Popup.Examples.iOS", "FormsPopup\FormsPopup.iOS\MWX.XamForms.Popup.Examples.iOS.csproj", "{ACAD5952-BF6D-4F5A-9ABE-E902865B9A90}"
EndProject
Project("{FAE04EC0-301F-11D3-BF4B-00C04F79EFBC}") = "MWX.XamForms.Popup.Examples.Droid", "FormsPopup\FormsPopup.Droid\MWX.XamForms.Popup.Examples.Droid.csproj", "{34D6EE8D-1671-4A69-9736-A3BD774037B9}"
EndProject
Project("{2150E333-8FDC-42A3-9474-1A3956D46DE8}") = ".nuget", ".nuget", "{632435A2-E61B-4422-A2F2-7145CA6A074D}"
	ProjectSection(SolutionItems) = preProject
		.nuget\NuGet.Config = .nuget\NuGet.Config
		.nuget\NuGet.exe = .nuget\NuGet.exe
		.nuget\NuGet.targets = .nuget\NuGet.targets
	EndProjectSection
EndProject
Project("{FAE04EC0-301F-11D3-BF4B-00C04F79EFBC}") = "MWX.XamForms.Popup.Examples", "FormsPopup\FormsPopup.Examples\MWX.XamForms.Popup.Examples.csproj", "{67F9D3A8-F71E-4428-913F-C37AE82CDB24}"
EndProject
Project("{2150E333-8FDC-42A3-9474-1A3956D46DE8}") = "Solution Items", "Solution Items", "{D2383BAE-36FC-4B77-9846-A5FA6B9DCDEE}"
	ProjectSection(SolutionItems) = preProject
		LICENSE = LICENSE
		README.md = README.md
	EndProjectSection
EndProject
Project("{FAE04EC0-301F-11D3-BF4B-00C04F79EFBC}") = "MWX.XamForms.Popup.Examples.UWP", "MWX.XamForms.Popup.Examples.UWP\MWX.XamForms.Popup.Examples.UWP.csproj", "{D312B725-7803-4BD9-AC99-722013F04E32}"
EndProject
Global
	GlobalSection(SolutionConfigurationPlatforms) = preSolution
		Ad-Hoc|Any CPU = Ad-Hoc|Any CPU
		Ad-Hoc|ARM = Ad-Hoc|ARM
		Ad-Hoc|iPhone = Ad-Hoc|iPhone
		Ad-Hoc|iPhoneSimulator = Ad-Hoc|iPhoneSimulator
		Ad-Hoc|Mixed Platforms = Ad-Hoc|Mixed Platforms
		Ad-Hoc|x64 = Ad-Hoc|x64
		Ad-Hoc|x86 = Ad-Hoc|x86
		AppStore|Any CPU = AppStore|Any CPU
		AppStore|ARM = AppStore|ARM
		AppStore|iPhone = AppStore|iPhone
		AppStore|iPhoneSimulator = AppStore|iPhoneSimulator
		AppStore|Mixed Platforms = AppStore|Mixed Platforms
		AppStore|x64 = AppStore|x64
		AppStore|x86 = AppStore|x86
		BuildAgent|Any CPU = BuildAgent|Any CPU
		BuildAgent|ARM = BuildAgent|ARM
		BuildAgent|iPhone = BuildAgent|iPhone
		BuildAgent|iPhoneSimulator = BuildAgent|iPhoneSimulator
		BuildAgent|Mixed Platforms = BuildAgent|Mixed Platforms
		BuildAgent|x64 = BuildAgent|x64
		BuildAgent|x86 = BuildAgent|x86
		Debug|Any CPU = Debug|Any CPU
		Debug|ARM = Debug|ARM
		Debug|iPhone = Debug|iPhone
		Debug|iPhoneSimulator = Debug|iPhoneSimulator
		Debug|Mixed Platforms = Debug|Mixed Platforms
		Debug|x64 = Debug|x64
		Debug|x86 = Debug|x86
		Release|Any CPU = Release|Any CPU
		Release|ARM = Release|ARM
		Release|iPhone = Release|iPhone
		Release|iPhoneSimulator = Release|iPhoneSimulator
		Release|Mixed Platforms = Release|Mixed Platforms
		Release|x64 = Release|x64
		Release|x86 = Release|x86
	EndGlobalSection
	GlobalSection(ProjectConfigurationPlatforms) = postSolution
		{CA22517D-4B83-43F5-A23F-9207229D2024}.Ad-Hoc|Any CPU.ActiveCfg = Release|Any CPU
		{CA22517D-4B83-43F5-A23F-9207229D2024}.Ad-Hoc|Any CPU.Build.0 = Release|Any CPU
		{CA22517D-4B83-43F5-A23F-9207229D2024}.Ad-Hoc|ARM.ActiveCfg = Debug|Any CPU
		{CA22517D-4B83-43F5-A23F-9207229D2024}.Ad-Hoc|ARM.Build.0 = Debug|Any CPU
		{CA22517D-4B83-43F5-A23F-9207229D2024}.Ad-Hoc|iPhone.ActiveCfg = Release|Any CPU
		{CA22517D-4B83-43F5-A23F-9207229D2024}.Ad-Hoc|iPhoneSimulator.ActiveCfg = Release|Any CPU
		{CA22517D-4B83-43F5-A23F-9207229D2024}.Ad-Hoc|Mixed Platforms.ActiveCfg = Release|Any CPU
		{CA22517D-4B83-43F5-A23F-9207229D2024}.Ad-Hoc|Mixed Platforms.Build.0 = Release|Any CPU
		{CA22517D-4B83-43F5-A23F-9207229D2024}.Ad-Hoc|x64.ActiveCfg = Debug|Any CPU
		{CA22517D-4B83-43F5-A23F-9207229D2024}.Ad-Hoc|x64.Build.0 = Debug|Any CPU
		{CA22517D-4B83-43F5-A23F-9207229D2024}.Ad-Hoc|x86.ActiveCfg = Debug|Any CPU
		{CA22517D-4B83-43F5-A23F-9207229D2024}.Ad-Hoc|x86.Build.0 = Debug|Any CPU
		{CA22517D-4B83-43F5-A23F-9207229D2024}.AppStore|Any CPU.ActiveCfg = Release|Any CPU
		{CA22517D-4B83-43F5-A23F-9207229D2024}.AppStore|Any CPU.Build.0 = Release|Any CPU
		{CA22517D-4B83-43F5-A23F-9207229D2024}.AppStore|ARM.ActiveCfg = Debug|Any CPU
		{CA22517D-4B83-43F5-A23F-9207229D2024}.AppStore|ARM.Build.0 = Debug|Any CPU
		{CA22517D-4B83-43F5-A23F-9207229D2024}.AppStore|iPhone.ActiveCfg = Release|Any CPU
		{CA22517D-4B83-43F5-A23F-9207229D2024}.AppStore|iPhoneSimulator.ActiveCfg = Release|Any CPU
		{CA22517D-4B83-43F5-A23F-9207229D2024}.AppStore|Mixed Platforms.ActiveCfg = Release|Any CPU
		{CA22517D-4B83-43F5-A23F-9207229D2024}.AppStore|Mixed Platforms.Build.0 = Release|Any CPU
		{CA22517D-4B83-43F5-A23F-9207229D2024}.AppStore|x64.ActiveCfg = Debug|Any CPU
		{CA22517D-4B83-43F5-A23F-9207229D2024}.AppStore|x64.Build.0 = Debug|Any CPU
		{CA22517D-4B83-43F5-A23F-9207229D2024}.AppStore|x86.ActiveCfg = Debug|Any CPU
		{CA22517D-4B83-43F5-A23F-9207229D2024}.AppStore|x86.Build.0 = Debug|Any CPU
		{CA22517D-4B83-43F5-A23F-9207229D2024}.BuildAgent|Any CPU.ActiveCfg = Release|Any CPU
		{CA22517D-4B83-43F5-A23F-9207229D2024}.BuildAgent|Any CPU.Build.0 = Release|Any CPU
		{CA22517D-4B83-43F5-A23F-9207229D2024}.BuildAgent|ARM.ActiveCfg = Release|Any CPU
		{CA22517D-4B83-43F5-A23F-9207229D2024}.BuildAgent|ARM.Build.0 = Release|Any CPU
		{CA22517D-4B83-43F5-A23F-9207229D2024}.BuildAgent|iPhone.ActiveCfg = Release|Any CPU
		{CA22517D-4B83-43F5-A23F-9207229D2024}.BuildAgent|iPhoneSimulator.ActiveCfg = Release|Any CPU
		{CA22517D-4B83-43F5-A23F-9207229D2024}.BuildAgent|Mixed Platforms.ActiveCfg = Release|Any CPU
		{CA22517D-4B83-43F5-A23F-9207229D2024}.BuildAgent|Mixed Platforms.Build.0 = Release|Any CPU
		{CA22517D-4B83-43F5-A23F-9207229D2024}.BuildAgent|x64.ActiveCfg = Release|Any CPU
		{CA22517D-4B83-43F5-A23F-9207229D2024}.BuildAgent|x64.Build.0 = Release|Any CPU
		{CA22517D-4B83-43F5-A23F-9207229D2024}.BuildAgent|x86.ActiveCfg = Release|Any CPU
		{CA22517D-4B83-43F5-A23F-9207229D2024}.BuildAgent|x86.Build.0 = Release|Any CPU
		{CA22517D-4B83-43F5-A23F-9207229D2024}.Debug|Any CPU.ActiveCfg = Debug|Any CPU
		{CA22517D-4B83-43F5-A23F-9207229D2024}.Debug|Any CPU.Build.0 = Debug|Any CPU
		{CA22517D-4B83-43F5-A23F-9207229D2024}.Debug|ARM.ActiveCfg = Debug|Any CPU
		{CA22517D-4B83-43F5-A23F-9207229D2024}.Debug|ARM.Build.0 = Debug|Any CPU
		{CA22517D-4B83-43F5-A23F-9207229D2024}.Debug|iPhone.ActiveCfg = Debug|Any CPU
		{CA22517D-4B83-43F5-A23F-9207229D2024}.Debug|iPhoneSimulator.ActiveCfg = Debug|Any CPU
		{CA22517D-4B83-43F5-A23F-9207229D2024}.Debug|Mixed Platforms.ActiveCfg = Debug|Any CPU
		{CA22517D-4B83-43F5-A23F-9207229D2024}.Debug|Mixed Platforms.Build.0 = Debug|Any CPU
		{CA22517D-4B83-43F5-A23F-9207229D2024}.Debug|x64.ActiveCfg = Debug|Any CPU
		{CA22517D-4B83-43F5-A23F-9207229D2024}.Debug|x64.Build.0 = Debug|Any CPU
		{CA22517D-4B83-43F5-A23F-9207229D2024}.Debug|x86.ActiveCfg = Debug|Any CPU
		{CA22517D-4B83-43F5-A23F-9207229D2024}.Debug|x86.Build.0 = Debug|Any CPU
		{CA22517D-4B83-43F5-A23F-9207229D2024}.Release|Any CPU.ActiveCfg = Release|Any CPU
		{CA22517D-4B83-43F5-A23F-9207229D2024}.Release|Any CPU.Build.0 = Release|Any CPU
		{CA22517D-4B83-43F5-A23F-9207229D2024}.Release|ARM.ActiveCfg = Release|Any CPU
		{CA22517D-4B83-43F5-A23F-9207229D2024}.Release|ARM.Build.0 = Release|Any CPU
		{CA22517D-4B83-43F5-A23F-9207229D2024}.Release|iPhone.ActiveCfg = Release|Any CPU
		{CA22517D-4B83-43F5-A23F-9207229D2024}.Release|iPhoneSimulator.ActiveCfg = Release|Any CPU
		{CA22517D-4B83-43F5-A23F-9207229D2024}.Release|Mixed Platforms.ActiveCfg = Release|Any CPU
		{CA22517D-4B83-43F5-A23F-9207229D2024}.Release|Mixed Platforms.Build.0 = Release|Any CPU
		{CA22517D-4B83-43F5-A23F-9207229D2024}.Release|x64.ActiveCfg = Release|Any CPU
		{CA22517D-4B83-43F5-A23F-9207229D2024}.Release|x64.Build.0 = Release|Any CPU
		{CA22517D-4B83-43F5-A23F-9207229D2024}.Release|x86.ActiveCfg = Release|Any CPU
		{CA22517D-4B83-43F5-A23F-9207229D2024}.Release|x86.Build.0 = Release|Any CPU
		{ACAD5952-BF6D-4F5A-9ABE-E902865B9A90}.Ad-Hoc|Any CPU.ActiveCfg = Ad-Hoc|iPhone
		{ACAD5952-BF6D-4F5A-9ABE-E902865B9A90}.Ad-Hoc|ARM.ActiveCfg = Ad-Hoc|iPhoneSimulator
		{ACAD5952-BF6D-4F5A-9ABE-E902865B9A90}.Ad-Hoc|iPhone.ActiveCfg = Ad-Hoc|iPhone
		{ACAD5952-BF6D-4F5A-9ABE-E902865B9A90}.Ad-Hoc|iPhone.Build.0 = Ad-Hoc|iPhone
		{ACAD5952-BF6D-4F5A-9ABE-E902865B9A90}.Ad-Hoc|iPhoneSimulator.ActiveCfg = Ad-Hoc|iPhoneSimulator
		{ACAD5952-BF6D-4F5A-9ABE-E902865B9A90}.Ad-Hoc|iPhoneSimulator.Build.0 = Ad-Hoc|iPhoneSimulator
		{ACAD5952-BF6D-4F5A-9ABE-E902865B9A90}.Ad-Hoc|Mixed Platforms.ActiveCfg = Ad-Hoc|iPhone
		{ACAD5952-BF6D-4F5A-9ABE-E902865B9A90}.Ad-Hoc|Mixed Platforms.Build.0 = Ad-Hoc|iPhone
		{ACAD5952-BF6D-4F5A-9ABE-E902865B9A90}.Ad-Hoc|x64.ActiveCfg = Ad-Hoc|iPhoneSimulator
		{ACAD5952-BF6D-4F5A-9ABE-E902865B9A90}.Ad-Hoc|x86.ActiveCfg = Ad-Hoc|iPhoneSimulator
		{ACAD5952-BF6D-4F5A-9ABE-E902865B9A90}.AppStore|Any CPU.ActiveCfg = AppStore|iPhone
		{ACAD5952-BF6D-4F5A-9ABE-E902865B9A90}.AppStore|ARM.ActiveCfg = AppStore|iPhoneSimulator
		{ACAD5952-BF6D-4F5A-9ABE-E902865B9A90}.AppStore|iPhone.ActiveCfg = AppStore|iPhone
		{ACAD5952-BF6D-4F5A-9ABE-E902865B9A90}.AppStore|iPhone.Build.0 = AppStore|iPhone
		{ACAD5952-BF6D-4F5A-9ABE-E902865B9A90}.AppStore|iPhoneSimulator.ActiveCfg = AppStore|iPhoneSimulator
		{ACAD5952-BF6D-4F5A-9ABE-E902865B9A90}.AppStore|iPhoneSimulator.Build.0 = AppStore|iPhoneSimulator
		{ACAD5952-BF6D-4F5A-9ABE-E902865B9A90}.AppStore|Mixed Platforms.ActiveCfg = AppStore|iPhone
		{ACAD5952-BF6D-4F5A-9ABE-E902865B9A90}.AppStore|Mixed Platforms.Build.0 = AppStore|iPhone
		{ACAD5952-BF6D-4F5A-9ABE-E902865B9A90}.AppStore|x64.ActiveCfg = AppStore|iPhoneSimulator
		{ACAD5952-BF6D-4F5A-9ABE-E902865B9A90}.AppStore|x86.ActiveCfg = AppStore|iPhoneSimulator
		{ACAD5952-BF6D-4F5A-9ABE-E902865B9A90}.BuildAgent|Any CPU.ActiveCfg = Release|iPhone
		{ACAD5952-BF6D-4F5A-9ABE-E902865B9A90}.BuildAgent|ARM.ActiveCfg = Release|iPhoneSimulator
		{ACAD5952-BF6D-4F5A-9ABE-E902865B9A90}.BuildAgent|iPhone.ActiveCfg = Release|iPhone
		{ACAD5952-BF6D-4F5A-9ABE-E902865B9A90}.BuildAgent|iPhone.Build.0 = Release|iPhone
		{ACAD5952-BF6D-4F5A-9ABE-E902865B9A90}.BuildAgent|iPhoneSimulator.ActiveCfg = Release|iPhoneSimulator
		{ACAD5952-BF6D-4F5A-9ABE-E902865B9A90}.BuildAgent|iPhoneSimulator.Build.0 = Release|iPhoneSimulator
		{ACAD5952-BF6D-4F5A-9ABE-E902865B9A90}.BuildAgent|Mixed Platforms.ActiveCfg = Release|iPhone
		{ACAD5952-BF6D-4F5A-9ABE-E902865B9A90}.BuildAgent|x64.ActiveCfg = Release|iPhoneSimulator
		{ACAD5952-BF6D-4F5A-9ABE-E902865B9A90}.BuildAgent|x86.ActiveCfg = Release|iPhoneSimulator
		{ACAD5952-BF6D-4F5A-9ABE-E902865B9A90}.Debug|Any CPU.ActiveCfg = Debug|iPhoneSimulator
		{ACAD5952-BF6D-4F5A-9ABE-E902865B9A90}.Debug|Any CPU.Build.0 = Debug|iPhoneSimulator
		{ACAD5952-BF6D-4F5A-9ABE-E902865B9A90}.Debug|ARM.ActiveCfg = Debug|iPhone
		{ACAD5952-BF6D-4F5A-9ABE-E902865B9A90}.Debug|iPhone.ActiveCfg = Debug|iPhone
		{ACAD5952-BF6D-4F5A-9ABE-E902865B9A90}.Debug|iPhone.Build.0 = Debug|iPhone
		{ACAD5952-BF6D-4F5A-9ABE-E902865B9A90}.Debug|iPhoneSimulator.ActiveCfg = Debug|iPhoneSimulator
		{ACAD5952-BF6D-4F5A-9ABE-E902865B9A90}.Debug|iPhoneSimulator.Build.0 = Debug|iPhoneSimulator
		{ACAD5952-BF6D-4F5A-9ABE-E902865B9A90}.Debug|Mixed Platforms.ActiveCfg = Debug|iPhone
		{ACAD5952-BF6D-4F5A-9ABE-E902865B9A90}.Debug|Mixed Platforms.Build.0 = Debug|iPhone
		{ACAD5952-BF6D-4F5A-9ABE-E902865B9A90}.Debug|x64.ActiveCfg = Debug|iPhone
		{ACAD5952-BF6D-4F5A-9ABE-E902865B9A90}.Debug|x86.ActiveCfg = Debug|iPhone
		{ACAD5952-BF6D-4F5A-9ABE-E902865B9A90}.Release|Any CPU.ActiveCfg = Release|iPhone
		{ACAD5952-BF6D-4F5A-9ABE-E902865B9A90}.Release|ARM.ActiveCfg = Release|iPhoneSimulator
		{ACAD5952-BF6D-4F5A-9ABE-E902865B9A90}.Release|iPhone.ActiveCfg = Release|iPhone
		{ACAD5952-BF6D-4F5A-9ABE-E902865B9A90}.Release|iPhone.Build.0 = Release|iPhone
		{ACAD5952-BF6D-4F5A-9ABE-E902865B9A90}.Release|iPhoneSimulator.ActiveCfg = Release|iPhoneSimulator
		{ACAD5952-BF6D-4F5A-9ABE-E902865B9A90}.Release|iPhoneSimulator.Build.0 = Release|iPhoneSimulator
		{ACAD5952-BF6D-4F5A-9ABE-E902865B9A90}.Release|Mixed Platforms.ActiveCfg = Release|iPhone
		{ACAD5952-BF6D-4F5A-9ABE-E902865B9A90}.Release|Mixed Platforms.Build.0 = Release|iPhone
		{ACAD5952-BF6D-4F5A-9ABE-E902865B9A90}.Release|x64.ActiveCfg = Release|iPhoneSimulator
		{ACAD5952-BF6D-4F5A-9ABE-E902865B9A90}.Release|x86.ActiveCfg = Release|iPhoneSimulator
		{34D6EE8D-1671-4A69-9736-A3BD774037B9}.Ad-Hoc|Any CPU.ActiveCfg = Release|Any CPU
		{34D6EE8D-1671-4A69-9736-A3BD774037B9}.Ad-Hoc|Any CPU.Build.0 = Release|Any CPU
		{34D6EE8D-1671-4A69-9736-A3BD774037B9}.Ad-Hoc|Any CPU.Deploy.0 = Release|Any CPU
		{34D6EE8D-1671-4A69-9736-A3BD774037B9}.Ad-Hoc|ARM.ActiveCfg = Debug|Any CPU
		{34D6EE8D-1671-4A69-9736-A3BD774037B9}.Ad-Hoc|ARM.Build.0 = Debug|Any CPU
		{34D6EE8D-1671-4A69-9736-A3BD774037B9}.Ad-Hoc|ARM.Deploy.0 = Debug|Any CPU
		{34D6EE8D-1671-4A69-9736-A3BD774037B9}.Ad-Hoc|iPhone.ActiveCfg = Release|Any CPU
		{34D6EE8D-1671-4A69-9736-A3BD774037B9}.Ad-Hoc|iPhoneSimulator.ActiveCfg = Release|Any CPU
		{34D6EE8D-1671-4A69-9736-A3BD774037B9}.Ad-Hoc|Mixed Platforms.ActiveCfg = Release|Any CPU
		{34D6EE8D-1671-4A69-9736-A3BD774037B9}.Ad-Hoc|Mixed Platforms.Build.0 = Release|Any CPU
		{34D6EE8D-1671-4A69-9736-A3BD774037B9}.Ad-Hoc|Mixed Platforms.Deploy.0 = Release|Any CPU
		{34D6EE8D-1671-4A69-9736-A3BD774037B9}.Ad-Hoc|x64.ActiveCfg = Debug|Any CPU
		{34D6EE8D-1671-4A69-9736-A3BD774037B9}.Ad-Hoc|x64.Build.0 = Debug|Any CPU
		{34D6EE8D-1671-4A69-9736-A3BD774037B9}.Ad-Hoc|x64.Deploy.0 = Debug|Any CPU
		{34D6EE8D-1671-4A69-9736-A3BD774037B9}.Ad-Hoc|x86.ActiveCfg = Debug|Any CPU
		{34D6EE8D-1671-4A69-9736-A3BD774037B9}.Ad-Hoc|x86.Build.0 = Debug|Any CPU
		{34D6EE8D-1671-4A69-9736-A3BD774037B9}.Ad-Hoc|x86.Deploy.0 = Debug|Any CPU
		{34D6EE8D-1671-4A69-9736-A3BD774037B9}.AppStore|Any CPU.ActiveCfg = Release|Any CPU
		{34D6EE8D-1671-4A69-9736-A3BD774037B9}.AppStore|Any CPU.Build.0 = Release|Any CPU
		{34D6EE8D-1671-4A69-9736-A3BD774037B9}.AppStore|Any CPU.Deploy.0 = Release|Any CPU
		{34D6EE8D-1671-4A69-9736-A3BD774037B9}.AppStore|ARM.ActiveCfg = Debug|Any CPU
		{34D6EE8D-1671-4A69-9736-A3BD774037B9}.AppStore|ARM.Build.0 = Debug|Any CPU
		{34D6EE8D-1671-4A69-9736-A3BD774037B9}.AppStore|ARM.Deploy.0 = Debug|Any CPU
		{34D6EE8D-1671-4A69-9736-A3BD774037B9}.AppStore|iPhone.ActiveCfg = Release|Any CPU
		{34D6EE8D-1671-4A69-9736-A3BD774037B9}.AppStore|iPhoneSimulator.ActiveCfg = Release|Any CPU
		{34D6EE8D-1671-4A69-9736-A3BD774037B9}.AppStore|Mixed Platforms.ActiveCfg = Release|Any CPU
		{34D6EE8D-1671-4A69-9736-A3BD774037B9}.AppStore|Mixed Platforms.Build.0 = Release|Any CPU
		{34D6EE8D-1671-4A69-9736-A3BD774037B9}.AppStore|Mixed Platforms.Deploy.0 = Release|Any CPU
		{34D6EE8D-1671-4A69-9736-A3BD774037B9}.AppStore|x64.ActiveCfg = Debug|Any CPU
		{34D6EE8D-1671-4A69-9736-A3BD774037B9}.AppStore|x64.Build.0 = Debug|Any CPU
		{34D6EE8D-1671-4A69-9736-A3BD774037B9}.AppStore|x64.Deploy.0 = Debug|Any CPU
		{34D6EE8D-1671-4A69-9736-A3BD774037B9}.AppStore|x86.ActiveCfg = Debug|Any CPU
		{34D6EE8D-1671-4A69-9736-A3BD774037B9}.AppStore|x86.Build.0 = Debug|Any CPU
		{34D6EE8D-1671-4A69-9736-A3BD774037B9}.AppStore|x86.Deploy.0 = Debug|Any CPU
		{34D6EE8D-1671-4A69-9736-A3BD774037B9}.BuildAgent|Any CPU.ActiveCfg = Release|Any CPU
		{34D6EE8D-1671-4A69-9736-A3BD774037B9}.BuildAgent|Any CPU.Build.0 = Release|Any CPU
		{34D6EE8D-1671-4A69-9736-A3BD774037B9}.BuildAgent|Any CPU.Deploy.0 = Release|Any CPU
		{34D6EE8D-1671-4A69-9736-A3BD774037B9}.BuildAgent|ARM.ActiveCfg = Release|Any CPU
		{34D6EE8D-1671-4A69-9736-A3BD774037B9}.BuildAgent|ARM.Build.0 = Release|Any CPU
		{34D6EE8D-1671-4A69-9736-A3BD774037B9}.BuildAgent|ARM.Deploy.0 = Release|Any CPU
		{34D6EE8D-1671-4A69-9736-A3BD774037B9}.BuildAgent|iPhone.ActiveCfg = Release|Any CPU
		{34D6EE8D-1671-4A69-9736-A3BD774037B9}.BuildAgent|iPhoneSimulator.ActiveCfg = Release|Any CPU
		{34D6EE8D-1671-4A69-9736-A3BD774037B9}.BuildAgent|Mixed Platforms.ActiveCfg = Release|Any CPU
		{34D6EE8D-1671-4A69-9736-A3BD774037B9}.BuildAgent|Mixed Platforms.Build.0 = Release|Any CPU
		{34D6EE8D-1671-4A69-9736-A3BD774037B9}.BuildAgent|Mixed Platforms.Deploy.0 = Release|Any CPU
		{34D6EE8D-1671-4A69-9736-A3BD774037B9}.BuildAgent|x64.ActiveCfg = Release|Any CPU
		{34D6EE8D-1671-4A69-9736-A3BD774037B9}.BuildAgent|x64.Build.0 = Release|Any CPU
		{34D6EE8D-1671-4A69-9736-A3BD774037B9}.BuildAgent|x64.Deploy.0 = Release|Any CPU
		{34D6EE8D-1671-4A69-9736-A3BD774037B9}.BuildAgent|x86.ActiveCfg = Release|Any CPU
		{34D6EE8D-1671-4A69-9736-A3BD774037B9}.BuildAgent|x86.Build.0 = Release|Any CPU
		{34D6EE8D-1671-4A69-9736-A3BD774037B9}.BuildAgent|x86.Deploy.0 = Release|Any CPU
		{34D6EE8D-1671-4A69-9736-A3BD774037B9}.Debug|Any CPU.ActiveCfg = Debug|Any CPU
		{34D6EE8D-1671-4A69-9736-A3BD774037B9}.Debug|Any CPU.Build.0 = Debug|Any CPU
		{34D6EE8D-1671-4A69-9736-A3BD774037B9}.Debug|Any CPU.Deploy.0 = Debug|Any CPU
		{34D6EE8D-1671-4A69-9736-A3BD774037B9}.Debug|ARM.ActiveCfg = Debug|Any CPU
		{34D6EE8D-1671-4A69-9736-A3BD774037B9}.Debug|ARM.Build.0 = Debug|Any CPU
		{34D6EE8D-1671-4A69-9736-A3BD774037B9}.Debug|ARM.Deploy.0 = Debug|Any CPU
		{34D6EE8D-1671-4A69-9736-A3BD774037B9}.Debug|iPhone.ActiveCfg = Debug|Any CPU
		{34D6EE8D-1671-4A69-9736-A3BD774037B9}.Debug|iPhoneSimulator.ActiveCfg = Debug|Any CPU
		{34D6EE8D-1671-4A69-9736-A3BD774037B9}.Debug|Mixed Platforms.ActiveCfg = Debug|Any CPU
		{34D6EE8D-1671-4A69-9736-A3BD774037B9}.Debug|Mixed Platforms.Build.0 = Debug|Any CPU
		{34D6EE8D-1671-4A69-9736-A3BD774037B9}.Debug|Mixed Platforms.Deploy.0 = Debug|Any CPU
		{34D6EE8D-1671-4A69-9736-A3BD774037B9}.Debug|x64.ActiveCfg = Debug|Any CPU
		{34D6EE8D-1671-4A69-9736-A3BD774037B9}.Debug|x64.Build.0 = Debug|Any CPU
		{34D6EE8D-1671-4A69-9736-A3BD774037B9}.Debug|x64.Deploy.0 = Debug|Any CPU
		{34D6EE8D-1671-4A69-9736-A3BD774037B9}.Debug|x86.ActiveCfg = Debug|Any CPU
		{34D6EE8D-1671-4A69-9736-A3BD774037B9}.Debug|x86.Build.0 = Debug|Any CPU
		{34D6EE8D-1671-4A69-9736-A3BD774037B9}.Debug|x86.Deploy.0 = Debug|Any CPU
		{34D6EE8D-1671-4A69-9736-A3BD774037B9}.Release|Any CPU.ActiveCfg = Release|Any CPU
		{34D6EE8D-1671-4A69-9736-A3BD774037B9}.Release|Any CPU.Build.0 = Release|Any CPU
		{34D6EE8D-1671-4A69-9736-A3BD774037B9}.Release|Any CPU.Deploy.0 = Release|Any CPU
		{34D6EE8D-1671-4A69-9736-A3BD774037B9}.Release|ARM.ActiveCfg = Release|Any CPU
		{34D6EE8D-1671-4A69-9736-A3BD774037B9}.Release|ARM.Build.0 = Release|Any CPU
		{34D6EE8D-1671-4A69-9736-A3BD774037B9}.Release|ARM.Deploy.0 = Release|Any CPU
		{34D6EE8D-1671-4A69-9736-A3BD774037B9}.Release|iPhone.ActiveCfg = Release|Any CPU
		{34D6EE8D-1671-4A69-9736-A3BD774037B9}.Release|iPhoneSimulator.ActiveCfg = Release|Any CPU
		{34D6EE8D-1671-4A69-9736-A3BD774037B9}.Release|Mixed Platforms.ActiveCfg = Release|Any CPU
		{34D6EE8D-1671-4A69-9736-A3BD774037B9}.Release|Mixed Platforms.Build.0 = Release|Any CPU
		{34D6EE8D-1671-4A69-9736-A3BD774037B9}.Release|Mixed Platforms.Deploy.0 = Release|Any CPU
		{34D6EE8D-1671-4A69-9736-A3BD774037B9}.Release|x64.ActiveCfg = Release|Any CPU
		{34D6EE8D-1671-4A69-9736-A3BD774037B9}.Release|x64.Build.0 = Release|Any CPU
		{34D6EE8D-1671-4A69-9736-A3BD774037B9}.Release|x64.Deploy.0 = Release|Any CPU
		{34D6EE8D-1671-4A69-9736-A3BD774037B9}.Release|x86.ActiveCfg = Release|Any CPU
		{34D6EE8D-1671-4A69-9736-A3BD774037B9}.Release|x86.Build.0 = Release|Any CPU
		{34D6EE8D-1671-4A69-9736-A3BD774037B9}.Release|x86.Deploy.0 = Release|Any CPU
		{67F9D3A8-F71E-4428-913F-C37AE82CDB24}.Ad-Hoc|Any CPU.ActiveCfg = Release|Any CPU
		{67F9D3A8-F71E-4428-913F-C37AE82CDB24}.Ad-Hoc|Any CPU.Build.0 = Release|Any CPU
		{67F9D3A8-F71E-4428-913F-C37AE82CDB24}.Ad-Hoc|ARM.ActiveCfg = Debug|Any CPU
		{67F9D3A8-F71E-4428-913F-C37AE82CDB24}.Ad-Hoc|ARM.Build.0 = Debug|Any CPU
		{67F9D3A8-F71E-4428-913F-C37AE82CDB24}.Ad-Hoc|iPhone.ActiveCfg = Release|Any CPU
		{67F9D3A8-F71E-4428-913F-C37AE82CDB24}.Ad-Hoc|iPhoneSimulator.ActiveCfg = Release|Any CPU
		{67F9D3A8-F71E-4428-913F-C37AE82CDB24}.Ad-Hoc|Mixed Platforms.ActiveCfg = Release|Any CPU
		{67F9D3A8-F71E-4428-913F-C37AE82CDB24}.Ad-Hoc|Mixed Platforms.Build.0 = Release|Any CPU
		{67F9D3A8-F71E-4428-913F-C37AE82CDB24}.Ad-Hoc|x64.ActiveCfg = Debug|Any CPU
		{67F9D3A8-F71E-4428-913F-C37AE82CDB24}.Ad-Hoc|x64.Build.0 = Debug|Any CPU
		{67F9D3A8-F71E-4428-913F-C37AE82CDB24}.Ad-Hoc|x86.ActiveCfg = Debug|Any CPU
		{67F9D3A8-F71E-4428-913F-C37AE82CDB24}.Ad-Hoc|x86.Build.0 = Debug|Any CPU
		{67F9D3A8-F71E-4428-913F-C37AE82CDB24}.AppStore|Any CPU.ActiveCfg = Release|Any CPU
		{67F9D3A8-F71E-4428-913F-C37AE82CDB24}.AppStore|Any CPU.Build.0 = Release|Any CPU
		{67F9D3A8-F71E-4428-913F-C37AE82CDB24}.AppStore|ARM.ActiveCfg = Debug|Any CPU
		{67F9D3A8-F71E-4428-913F-C37AE82CDB24}.AppStore|ARM.Build.0 = Debug|Any CPU
		{67F9D3A8-F71E-4428-913F-C37AE82CDB24}.AppStore|iPhone.ActiveCfg = Release|Any CPU
		{67F9D3A8-F71E-4428-913F-C37AE82CDB24}.AppStore|iPhoneSimulator.ActiveCfg = Release|Any CPU
		{67F9D3A8-F71E-4428-913F-C37AE82CDB24}.AppStore|Mixed Platforms.ActiveCfg = Release|Any CPU
		{67F9D3A8-F71E-4428-913F-C37AE82CDB24}.AppStore|Mixed Platforms.Build.0 = Release|Any CPU
		{67F9D3A8-F71E-4428-913F-C37AE82CDB24}.AppStore|x64.ActiveCfg = Debug|Any CPU
		{67F9D3A8-F71E-4428-913F-C37AE82CDB24}.AppStore|x64.Build.0 = Debug|Any CPU
		{67F9D3A8-F71E-4428-913F-C37AE82CDB24}.AppStore|x86.ActiveCfg = Debug|Any CPU
		{67F9D3A8-F71E-4428-913F-C37AE82CDB24}.AppStore|x86.Build.0 = Debug|Any CPU
		{67F9D3A8-F71E-4428-913F-C37AE82CDB24}.BuildAgent|Any CPU.ActiveCfg = Release|Any CPU
		{67F9D3A8-F71E-4428-913F-C37AE82CDB24}.BuildAgent|Any CPU.Build.0 = Release|Any CPU
		{67F9D3A8-F71E-4428-913F-C37AE82CDB24}.BuildAgent|ARM.ActiveCfg = Release|Any CPU
		{67F9D3A8-F71E-4428-913F-C37AE82CDB24}.BuildAgent|ARM.Build.0 = Release|Any CPU
		{67F9D3A8-F71E-4428-913F-C37AE82CDB24}.BuildAgent|iPhone.ActiveCfg = Release|Any CPU
		{67F9D3A8-F71E-4428-913F-C37AE82CDB24}.BuildAgent|iPhoneSimulator.ActiveCfg = Release|Any CPU
		{67F9D3A8-F71E-4428-913F-C37AE82CDB24}.BuildAgent|Mixed Platforms.ActiveCfg = Release|Any CPU
		{67F9D3A8-F71E-4428-913F-C37AE82CDB24}.BuildAgent|Mixed Platforms.Build.0 = Release|Any CPU
		{67F9D3A8-F71E-4428-913F-C37AE82CDB24}.BuildAgent|x64.ActiveCfg = Release|Any CPU
		{67F9D3A8-F71E-4428-913F-C37AE82CDB24}.BuildAgent|x64.Build.0 = Release|Any CPU
		{67F9D3A8-F71E-4428-913F-C37AE82CDB24}.BuildAgent|x86.ActiveCfg = Release|Any CPU
		{67F9D3A8-F71E-4428-913F-C37AE82CDB24}.BuildAgent|x86.Build.0 = Release|Any CPU
		{67F9D3A8-F71E-4428-913F-C37AE82CDB24}.Debug|Any CPU.ActiveCfg = Debug|Any CPU
		{67F9D3A8-F71E-4428-913F-C37AE82CDB24}.Debug|Any CPU.Build.0 = Debug|Any CPU
		{67F9D3A8-F71E-4428-913F-C37AE82CDB24}.Debug|ARM.ActiveCfg = Debug|Any CPU
		{67F9D3A8-F71E-4428-913F-C37AE82CDB24}.Debug|ARM.Build.0 = Debug|Any CPU
		{67F9D3A8-F71E-4428-913F-C37AE82CDB24}.Debug|iPhone.ActiveCfg = Debug|Any CPU
		{67F9D3A8-F71E-4428-913F-C37AE82CDB24}.Debug|iPhoneSimulator.ActiveCfg = Debug|Any CPU
		{67F9D3A8-F71E-4428-913F-C37AE82CDB24}.Debug|Mixed Platforms.ActiveCfg = Debug|Any CPU
		{67F9D3A8-F71E-4428-913F-C37AE82CDB24}.Debug|Mixed Platforms.Build.0 = Debug|Any CPU
		{67F9D3A8-F71E-4428-913F-C37AE82CDB24}.Debug|x64.ActiveCfg = Debug|Any CPU
		{67F9D3A8-F71E-4428-913F-C37AE82CDB24}.Debug|x64.Build.0 = Debug|Any CPU
		{67F9D3A8-F71E-4428-913F-C37AE82CDB24}.Debug|x86.ActiveCfg = Debug|Any CPU
		{67F9D3A8-F71E-4428-913F-C37AE82CDB24}.Debug|x86.Build.0 = Debug|Any CPU
		{67F9D3A8-F71E-4428-913F-C37AE82CDB24}.Release|Any CPU.ActiveCfg = Release|Any CPU
		{67F9D3A8-F71E-4428-913F-C37AE82CDB24}.Release|Any CPU.Build.0 = Release|Any CPU
		{67F9D3A8-F71E-4428-913F-C37AE82CDB24}.Release|ARM.ActiveCfg = Release|Any CPU
		{67F9D3A8-F71E-4428-913F-C37AE82CDB24}.Release|ARM.Build.0 = Release|Any CPU
		{67F9D3A8-F71E-4428-913F-C37AE82CDB24}.Release|iPhone.ActiveCfg = Release|Any CPU
		{67F9D3A8-F71E-4428-913F-C37AE82CDB24}.Release|iPhoneSimulator.ActiveCfg = Release|Any CPU
		{67F9D3A8-F71E-4428-913F-C37AE82CDB24}.Release|Mixed Platforms.ActiveCfg = Release|Any CPU
		{67F9D3A8-F71E-4428-913F-C37AE82CDB24}.Release|Mixed Platforms.Build.0 = Release|Any CPU
		{67F9D3A8-F71E-4428-913F-C37AE82CDB24}.Release|x64.ActiveCfg = Release|Any CPU
		{67F9D3A8-F71E-4428-913F-C37AE82CDB24}.Release|x64.Build.0 = Release|Any CPU
		{67F9D3A8-F71E-4428-913F-C37AE82CDB24}.Release|x86.ActiveCfg = Release|Any CPU
		{67F9D3A8-F71E-4428-913F-C37AE82CDB24}.Release|x86.Build.0 = Release|Any CPU
		{D312B725-7803-4BD9-AC99-722013F04E32}.Ad-Hoc|Any CPU.ActiveCfg = Release|x64
		{D312B725-7803-4BD9-AC99-722013F04E32}.Ad-Hoc|Any CPU.Build.0 = Release|x64
		{D312B725-7803-4BD9-AC99-722013F04E32}.Ad-Hoc|Any CPU.Deploy.0 = Release|x64
		{D312B725-7803-4BD9-AC99-722013F04E32}.Ad-Hoc|ARM.ActiveCfg = Release|ARM
		{D312B725-7803-4BD9-AC99-722013F04E32}.Ad-Hoc|ARM.Build.0 = Release|ARM
		{D312B725-7803-4BD9-AC99-722013F04E32}.Ad-Hoc|ARM.Deploy.0 = Release|ARM
		{D312B725-7803-4BD9-AC99-722013F04E32}.Ad-Hoc|iPhone.ActiveCfg = Release|x64
		{D312B725-7803-4BD9-AC99-722013F04E32}.Ad-Hoc|iPhone.Build.0 = Release|x64
		{D312B725-7803-4BD9-AC99-722013F04E32}.Ad-Hoc|iPhone.Deploy.0 = Release|x64
		{D312B725-7803-4BD9-AC99-722013F04E32}.Ad-Hoc|iPhoneSimulator.ActiveCfg = Release|x64
		{D312B725-7803-4BD9-AC99-722013F04E32}.Ad-Hoc|iPhoneSimulator.Build.0 = Release|x64
		{D312B725-7803-4BD9-AC99-722013F04E32}.Ad-Hoc|iPhoneSimulator.Deploy.0 = Release|x64
		{D312B725-7803-4BD9-AC99-722013F04E32}.Ad-Hoc|Mixed Platforms.ActiveCfg = Release|x86
		{D312B725-7803-4BD9-AC99-722013F04E32}.Ad-Hoc|Mixed Platforms.Build.0 = Release|x86
		{D312B725-7803-4BD9-AC99-722013F04E32}.Ad-Hoc|Mixed Platforms.Deploy.0 = Release|x86
		{D312B725-7803-4BD9-AC99-722013F04E32}.Ad-Hoc|x64.ActiveCfg = Release|x64
		{D312B725-7803-4BD9-AC99-722013F04E32}.Ad-Hoc|x64.Build.0 = Release|x64
		{D312B725-7803-4BD9-AC99-722013F04E32}.Ad-Hoc|x64.Deploy.0 = Release|x64
		{D312B725-7803-4BD9-AC99-722013F04E32}.Ad-Hoc|x86.ActiveCfg = Release|x86
		{D312B725-7803-4BD9-AC99-722013F04E32}.Ad-Hoc|x86.Build.0 = Release|x86
		{D312B725-7803-4BD9-AC99-722013F04E32}.Ad-Hoc|x86.Deploy.0 = Release|x86
		{D312B725-7803-4BD9-AC99-722013F04E32}.AppStore|Any CPU.ActiveCfg = Release|x64
		{D312B725-7803-4BD9-AC99-722013F04E32}.AppStore|Any CPU.Build.0 = Release|x64
		{D312B725-7803-4BD9-AC99-722013F04E32}.AppStore|Any CPU.Deploy.0 = Release|x64
		{D312B725-7803-4BD9-AC99-722013F04E32}.AppStore|ARM.ActiveCfg = Release|ARM
		{D312B725-7803-4BD9-AC99-722013F04E32}.AppStore|ARM.Build.0 = Release|ARM
		{D312B725-7803-4BD9-AC99-722013F04E32}.AppStore|ARM.Deploy.0 = Release|ARM
		{D312B725-7803-4BD9-AC99-722013F04E32}.AppStore|iPhone.ActiveCfg = Release|x64
		{D312B725-7803-4BD9-AC99-722013F04E32}.AppStore|iPhone.Build.0 = Release|x64
		{D312B725-7803-4BD9-AC99-722013F04E32}.AppStore|iPhone.Deploy.0 = Release|x64
		{D312B725-7803-4BD9-AC99-722013F04E32}.AppStore|iPhoneSimulator.ActiveCfg = Release|x64
		{D312B725-7803-4BD9-AC99-722013F04E32}.AppStore|iPhoneSimulator.Build.0 = Release|x64
		{D312B725-7803-4BD9-AC99-722013F04E32}.AppStore|iPhoneSimulator.Deploy.0 = Release|x64
		{D312B725-7803-4BD9-AC99-722013F04E32}.AppStore|Mixed Platforms.ActiveCfg = Release|x86
		{D312B725-7803-4BD9-AC99-722013F04E32}.AppStore|Mixed Platforms.Build.0 = Release|x86
		{D312B725-7803-4BD9-AC99-722013F04E32}.AppStore|Mixed Platforms.Deploy.0 = Release|x86
		{D312B725-7803-4BD9-AC99-722013F04E32}.AppStore|x64.ActiveCfg = Release|x64
		{D312B725-7803-4BD9-AC99-722013F04E32}.AppStore|x64.Build.0 = Release|x64
		{D312B725-7803-4BD9-AC99-722013F04E32}.AppStore|x64.Deploy.0 = Release|x64
		{D312B725-7803-4BD9-AC99-722013F04E32}.AppStore|x86.ActiveCfg = Release|x86
		{D312B725-7803-4BD9-AC99-722013F04E32}.AppStore|x86.Build.0 = Release|x86
		{D312B725-7803-4BD9-AC99-722013F04E32}.AppStore|x86.Deploy.0 = Release|x86
		{D312B725-7803-4BD9-AC99-722013F04E32}.BuildAgent|Any CPU.ActiveCfg = Release|x86
		{D312B725-7803-4BD9-AC99-722013F04E32}.BuildAgent|ARM.ActiveCfg = Release|ARM
		{D312B725-7803-4BD9-AC99-722013F04E32}.BuildAgent|ARM.Build.0 = Release|ARM
		{D312B725-7803-4BD9-AC99-722013F04E32}.BuildAgent|ARM.Deploy.0 = Release|ARM
		{D312B725-7803-4BD9-AC99-722013F04E32}.BuildAgent|iPhone.ActiveCfg = Release|x86
		{D312B725-7803-4BD9-AC99-722013F04E32}.BuildAgent|iPhoneSimulator.ActiveCfg = Release|x86
		{D312B725-7803-4BD9-AC99-722013F04E32}.BuildAgent|Mixed Platforms.ActiveCfg = Release|x86
		{D312B725-7803-4BD9-AC99-722013F04E32}.BuildAgent|Mixed Platforms.Deploy.0 = Release|x86
		{D312B725-7803-4BD9-AC99-722013F04E32}.BuildAgent|x64.ActiveCfg = Release|x64
		{D312B725-7803-4BD9-AC99-722013F04E32}.BuildAgent|x64.Build.0 = Release|x64
		{D312B725-7803-4BD9-AC99-722013F04E32}.BuildAgent|x64.Deploy.0 = Release|x64
		{D312B725-7803-4BD9-AC99-722013F04E32}.BuildAgent|x86.ActiveCfg = Release|x86
		{D312B725-7803-4BD9-AC99-722013F04E32}.BuildAgent|x86.Build.0 = Release|x86
		{D312B725-7803-4BD9-AC99-722013F04E32}.BuildAgent|x86.Deploy.0 = Release|x86
		{D312B725-7803-4BD9-AC99-722013F04E32}.Debug|Any CPU.ActiveCfg = Debug|x86
		{D312B725-7803-4BD9-AC99-722013F04E32}.Debug|ARM.ActiveCfg = Debug|ARM
		{D312B725-7803-4BD9-AC99-722013F04E32}.Debug|ARM.Build.0 = Debug|ARM
		{D312B725-7803-4BD9-AC99-722013F04E32}.Debug|ARM.Deploy.0 = Debug|ARM
		{D312B725-7803-4BD9-AC99-722013F04E32}.Debug|iPhone.ActiveCfg = Debug|x86
		{D312B725-7803-4BD9-AC99-722013F04E32}.Debug|iPhoneSimulator.ActiveCfg = Debug|x86
		{D312B725-7803-4BD9-AC99-722013F04E32}.Debug|Mixed Platforms.ActiveCfg = Debug|x86
		{D312B725-7803-4BD9-AC99-722013F04E32}.Debug|Mixed Platforms.Build.0 = Debug|x86
		{D312B725-7803-4BD9-AC99-722013F04E32}.Debug|Mixed Platforms.Deploy.0 = Debug|x86
		{D312B725-7803-4BD9-AC99-722013F04E32}.Debug|x64.ActiveCfg = Debug|x64
		{D312B725-7803-4BD9-AC99-722013F04E32}.Debug|x64.Build.0 = Debug|x64
		{D312B725-7803-4BD9-AC99-722013F04E32}.Debug|x64.Deploy.0 = Debug|x64
		{D312B725-7803-4BD9-AC99-722013F04E32}.Debug|x86.ActiveCfg = Debug|x86
		{D312B725-7803-4BD9-AC99-722013F04E32}.Debug|x86.Build.0 = Debug|x86
		{D312B725-7803-4BD9-AC99-722013F04E32}.Debug|x86.Deploy.0 = Debug|x86
		{D312B725-7803-4BD9-AC99-722013F04E32}.Release|Any CPU.ActiveCfg = Release|x86
		{D312B725-7803-4BD9-AC99-722013F04E32}.Release|ARM.ActiveCfg = Release|ARM
		{D312B725-7803-4BD9-AC99-722013F04E32}.Release|ARM.Build.0 = Release|ARM
		{D312B725-7803-4BD9-AC99-722013F04E32}.Release|ARM.Deploy.0 = Release|ARM
		{D312B725-7803-4BD9-AC99-722013F04E32}.Release|iPhone.ActiveCfg = Release|x86
		{D312B725-7803-4BD9-AC99-722013F04E32}.Release|iPhoneSimulator.ActiveCfg = Release|x86
		{D312B725-7803-4BD9-AC99-722013F04E32}.Release|Mixed Platforms.ActiveCfg = Release|x86
		{D312B725-7803-4BD9-AC99-722013F04E32}.Release|Mixed Platforms.Build.0 = Release|x86
		{D312B725-7803-4BD9-AC99-722013F04E32}.Release|Mixed Platforms.Deploy.0 = Release|x86
		{D312B725-7803-4BD9-AC99-722013F04E32}.Release|x64.ActiveCfg = Release|x64
		{D312B725-7803-4BD9-AC99-722013F04E32}.Release|x64.Build.0 = Release|x64
		{D312B725-7803-4BD9-AC99-722013F04E32}.Release|x64.Deploy.0 = Release|x64
		{D312B725-7803-4BD9-AC99-722013F04E32}.Release|x86.ActiveCfg = Release|x86
		{D312B725-7803-4BD9-AC99-722013F04E32}.Release|x86.Build.0 = Release|x86
		{D312B725-7803-4BD9-AC99-722013F04E32}.Release|x86.Deploy.0 = Release|x86
	EndGlobalSection
	GlobalSection(SolutionProperties) = preSolution
		HideSolutionNode = FALSE
	EndGlobalSection
EndGlobal
